<?xml version="1.0" encoding="utf-8"?>
<Project ToolsVersion="4.0" xmlns="http://schemas.microsoft.com/developer/msbuild/2003">
  <ItemGroup>
    <Filter Include="Source Files">
      <UniqueIdentifier>{4FC737F1-C7A5-4376-A066-2A32D752A2FF}</UniqueIdentifier>
      <Extensions>cpp;c;cc;cxx;def;odl;idl;hpj;bat;asm;asmx</Extensions>
    </Filter>
    <Filter Include="Header Files">
      <UniqueIdentifier>{93995380-89BD-4b04-88EB-625FBE52EBFB}</UniqueIdentifier>
      <Extensions>h;hh;hpp;hxx;hm;inl;inc;xsd</Extensions>
    </Filter>
    <Filter Include="Resource Files">
      <UniqueIdentifier>{67DA6AB6-F800-4c08-8B7A-83BB121AAD01}</UniqueIdentifier>
      <Extensions>rc;ico;cur;bmp;dlg;rc2;rct;bin;rgs;gif;jpg;jpeg;jpe;resx;tiff;tif;png;wav</Extensions>
    </Filter>
  </ItemGroup>
  <ItemGroup>
    <ClInclude Include="basilisk\basilisk.h">
      <Filter>Header Files</Filter>
    </ClInclude>
    <ClInclude Include="crypto777\jpeg\cderror.h">
      <Filter>Header Files</Filter>
    </ClInclude>
    <ClInclude Include="crypto777\jpeg\cdjpeg.h">
      <Filter>Header Files</Filter>
    </ClInclude>
    <ClInclude Include="crypto777\jpeg\jconfig.h">
      <Filter>Header Files</Filter>
    </ClInclude>
    <ClInclude Include="crypto777\jpeg\jdct.h">
      <Filter>Header Files</Filter>
    </ClInclude>
    <ClInclude Include="crypto777\jpeg\jerror.h">
      <Filter>Header Files</Filter>
    </ClInclude>
    <ClInclude Include="crypto777\jpeg\jinclude.h">
      <Filter>Header Files</Filter>
    </ClInclude>
    <ClInclude Include="crypto777\jpeg\jmemsys.h">
      <Filter>Header Files</Filter>
    </ClInclude>
    <ClInclude Include="crypto777\jpeg\jmorecfg.h">
      <Filter>Header Files</Filter>
    </ClInclude>
    <ClInclude Include="crypto777\jpeg\jpegint.h">
      <Filter>Header Files</Filter>
    </ClInclude>
    <ClInclude Include="crypto777\jpeg\jpeglib.h">
      <Filter>Header Files</Filter>
    </ClInclude>
    <ClInclude Include="crypto777\jpeg\jversion.h">
      <Filter>Header Files</Filter>
    </ClInclude>
    <ClInclude Include="crypto777\jpeg\transupp.h">
      <Filter>Header Files</Filter>
    </ClInclude>
    <ClInclude Include="crypto777\OS_portable.h">
      <Filter>Header Files</Filter>
    </ClInclude>
    <ClInclude Include="datachain\datachain.h">
      <Filter>Header Files</Filter>
    </ClInclude>
    <ClInclude Include="gecko\gecko.h">
      <Filter>Header Files</Filter>
    </ClInclude>
    <ClInclude Include="iguana\exchanges777.h">
      <Filter>Header Files</Filter>
    </ClInclude>
    <ClInclude Include="iguana\iguana777.h">
      <Filter>Header Files</Filter>
    </ClInclude>
    <ClInclude Include="iguana\mini-gmp.h">
      <Filter>Header Files</Filter>
    </ClInclude>
    <ClInclude Include="includes\iguana_defines.h">
      <Filter>Header Files</Filter>
    </ClInclude>
    <ClInclude Include="includes\iguana_funcs.h">
      <Filter>Header Files</Filter>
    </ClInclude>
    <ClInclude Include="includes\iguana_structs.h">
      <Filter>Header Files</Filter>
    </ClInclude>
    <ClInclude Include="OSlibs\win\mingw.h">
      <Filter>Header Files</Filter>
    </ClInclude>
    <ClInclude Include="OSlibs\win\mman.h">
      <Filter>Header Files</Filter>
    </ClInclude>
    <ClInclude Include="OSlibs\win\pthread.h">
      <Filter>Header Files</Filter>
    </ClInclude>
    <ClInclude Include="targetver.h">
      <Filter>Header Files</Filter>
    </ClInclude>
  </ItemGroup>
  <ItemGroup>
    <ClCompile Include="iguana\secp256k1\src\secp256k1.c">
      <Filter>Source Files</Filter>
    </ClCompile>
    <ClCompile Include="iguana\exchanges\mm.c">
      <Filter>Source Files</Filter>
    </ClCompile>
    <ClCompile Include="OSlibs\win\mingw.c">
      <Filter>Source Files</Filter>
    </ClCompile>
    <ClCompile Include="crypto777\bitcoind_RPC.c">
      <Filter>Source Files</Filter>
    </ClCompile>
    <ClCompile Include="crypto777\cJSON.c">
      <Filter>Source Files</Filter>
    </ClCompile>
    <ClCompile Include="crypto777\curve25519-donna.c">
      <Filter>Source Files</Filter>
    </ClCompile>
    <ClCompile Include="crypto777\curve25519.c">
      <Filter>Source Files</Filter>
    </ClCompile>
    <ClCompile Include="crypto777\hmac_sha512.c">
      <Filter>Source Files</Filter>
    </ClCompile>
    <ClCompile Include="crypto777\iguana_OS.c">
      <Filter>Source Files</Filter>
    </ClCompile>
    <ClCompile Include="crypto777\iguana_utils.c">
      <Filter>Source Files</Filter>
    </ClCompile>
    <ClCompile Include="crypto777\inet.c">
      <Filter>Source Files</Filter>
    </ClCompile>
    <ClCompile Include="crypto777\jpeg\jaricom.c">
      <Filter>Source Files</Filter>
    </ClCompile>
    <ClCompile Include="crypto777\jpeg\jcapimin.c">
      <Filter>Source Files</Filter>
    </ClCompile>
    <ClCompile Include="crypto777\jpeg\jcapistd.c">
      <Filter>Source Files</Filter>
    </ClCompile>
    <ClCompile Include="crypto777\jpeg\jcarith.c">
      <Filter>Source Files</Filter>
    </ClCompile>
    <ClCompile Include="crypto777\jpeg\jccoefct.c">
      <Filter>Source Files</Filter>
    </ClCompile>
    <ClCompile Include="crypto777\jpeg\jccolor.c">
      <Filter>Source Files</Filter>
    </ClCompile>
    <ClCompile Include="crypto777\jpeg\jcdctmgr.c">
      <Filter>Source Files</Filter>
    </ClCompile>
    <ClCompile Include="crypto777\jpeg\jchuff.c">
      <Filter>Source Files</Filter>
    </ClCompile>
    <ClCompile Include="crypto777\jpeg\jcinit.c">
      <Filter>Source Files</Filter>
    </ClCompile>
    <ClCompile Include="crypto777\jpeg\jcmainct.c">
      <Filter>Source Files</Filter>
    </ClCompile>
    <ClCompile Include="crypto777\jpeg\jcmarker.c">
      <Filter>Source Files</Filter>
    </ClCompile>
    <ClCompile Include="crypto777\jpeg\jcmaster.c">
      <Filter>Source Files</Filter>
    </ClCompile>
    <ClCompile Include="crypto777\jpeg\jcomapi.c">
      <Filter>Source Files</Filter>
    </ClCompile>
    <ClCompile Include="crypto777\jpeg\jcparam.c">
      <Filter>Source Files</Filter>
    </ClCompile>
    <ClCompile Include="crypto777\jpeg\jcprepct.c">
      <Filter>Source Files</Filter>
    </ClCompile>
    <ClCompile Include="crypto777\jpeg\jcsample.c">
      <Filter>Source Files</Filter>
    </ClCompile>
    <ClCompile Include="crypto777\jpeg\jctrans.c">
      <Filter>Source Files</Filter>
    </ClCompile>
    <ClCompile Include="crypto777\jpeg\jdapimin.c">
      <Filter>Source Files</Filter>
    </ClCompile>
    <ClCompile Include="crypto777\jpeg\jdapistd.c">
      <Filter>Source Files</Filter>
    </ClCompile>
    <ClCompile Include="crypto777\jpeg\jdarith.c">
      <Filter>Source Files</Filter>
    </ClCompile>
    <ClCompile Include="crypto777\jpeg\jdatadst.c">
      <Filter>Source Files</Filter>
    </ClCompile>
    <ClCompile Include="crypto777\jpeg\jdatasrc.c">
      <Filter>Source Files</Filter>
    </ClCompile>
    <ClCompile Include="crypto777\jpeg\jdcoefct.c">
      <Filter>Source Files</Filter>
    </ClCompile>
    <ClCompile Include="crypto777\jpeg\jdcolor.c">
      <Filter>Source Files</Filter>
    </ClCompile>
    <ClCompile Include="crypto777\jpeg\jddctmgr.c">
      <Filter>Source Files</Filter>
    </ClCompile>
    <ClCompile Include="crypto777\jpeg\jdhuff.c">
      <Filter>Source Files</Filter>
    </ClCompile>
    <ClCompile Include="crypto777\jpeg\jdinput.c">
      <Filter>Source Files</Filter>
    </ClCompile>
    <ClCompile Include="crypto777\jpeg\jdmainct.c">
      <Filter>Source Files</Filter>
    </ClCompile>
    <ClCompile Include="crypto777\jpeg\jdmarker.c">
      <Filter>Source Files</Filter>
    </ClCompile>
    <ClCompile Include="crypto777\jpeg\jdmaster.c">
      <Filter>Source Files</Filter>
    </ClCompile>
    <ClCompile Include="crypto777\jpeg\jdmerge.c">
      <Filter>Source Files</Filter>
    </ClCompile>
    <ClCompile Include="crypto777\jpeg\jdpostct.c">
      <Filter>Source Files</Filter>
    </ClCompile>
    <ClCompile Include="crypto777\jpeg\jdsample.c">
      <Filter>Source Files</Filter>
    </ClCompile>
    <ClCompile Include="crypto777\jpeg\jdtrans.c">
      <Filter>Source Files</Filter>
    </ClCompile>
    <ClCompile Include="crypto777\jpeg\jerror.c">
      <Filter>Source Files</Filter>
    </ClCompile>
    <ClCompile Include="crypto777\jpeg\jfdctflt.c">
      <Filter>Source Files</Filter>
    </ClCompile>
    <ClCompile Include="crypto777\jpeg\jfdctfst.c">
      <Filter>Source Files</Filter>
    </ClCompile>
    <ClCompile Include="crypto777\jpeg\jfdctint.c">
      <Filter>Source Files</Filter>
    </ClCompile>
    <ClCompile Include="crypto777\jpeg\jidctflt.c">
      <Filter>Source Files</Filter>
    </ClCompile>
    <ClCompile Include="crypto777\jpeg\jidctfst.c">
      <Filter>Source Files</Filter>
    </ClCompile>
    <ClCompile Include="crypto777\jpeg\jidctint.c">
      <Filter>Source Files</Filter>
    </ClCompile>
    <ClCompile Include="crypto777\jpeg\jmemmgr.c">
      <Filter>Source Files</Filter>
    </ClCompile>
    <ClCompile Include="crypto777\jpeg\jquant1.c">
      <Filter>Source Files</Filter>
    </ClCompile>
    <ClCompile Include="crypto777\jpeg\jquant2.c">
      <Filter>Source Files</Filter>
    </ClCompile>
    <ClCompile Include="crypto777\jpeg\jutils.c">
      <Filter>Source Files</Filter>
    </ClCompile>
    <ClCompile Include="crypto777\jpeg\unix\jmemname.c">
      <Filter>Source Files</Filter>
    </ClCompile>
    <ClCompile Include="crypto777\OS_nonportable.c">
      <Filter>Source Files</Filter>
    </ClCompile>
    <ClCompile Include="crypto777\OS_portable.c">
      <Filter>Source Files</Filter>
    </ClCompile>
    <ClCompile Include="crypto777\OS_time.c">
      <Filter>Source Files</Filter>
    </ClCompile>
    <ClCompile Include="crypto777\ramcoder.c">
      <Filter>Source Files</Filter>
    </ClCompile>
    <ClCompile Include="crypto777\SaM.c">
      <Filter>Source Files</Filter>
    </ClCompile>
    <ClCompile Include="crypto777\scrypt.c">
      <Filter>Source Files</Filter>
    </ClCompile>
    <ClCompile Include="crypto777\tweetnacl.c">
      <Filter>Source Files</Filter>
    </ClCompile>
    <ClCompile Include="iguana\mini-gmp.c">
      <Filter>Source Files</Filter>
    </ClCompile>
  </ItemGroup>
  <ItemGroup>
    <Text Include="ReadMe.txt" />
  </ItemGroup>
</Project>